// !$*UTF8*$!
{
	archiveVersion = 1;
	classes = {
	};
	objectVersion = 50;
	objects = {

/* Begin PBXBuildFile section */
		3D683B2D24C6702E0089BB19 /* AppDelegate.swift in Sources */ = {isa = PBXBuildFile; fileRef = 3D683B2C24C6702E0089BB19 /* AppDelegate.swift */; };
		3D683B2F24C6702E0089BB19 /* SceneDelegate.swift in Sources */ = {isa = PBXBuildFile; fileRef = 3D683B2E24C6702E0089BB19 /* SceneDelegate.swift */; };
		3D683B3424C6702E0089BB19 /* Main.storyboard in Resources */ = {isa = PBXBuildFile; fileRef = 3D683B3224C6702E0089BB19 /* Main.storyboard */; };
		3D683B3724C6702E0089BB19 /* MioriMemo.xcdatamodeld in Sources */ = {isa = PBXBuildFile; fileRef = 3D683B3524C6702E0089BB19 /* MioriMemo.xcdatamodeld */; };
		3D683B3924C670300089BB19 /* Assets.xcassets in Resources */ = {isa = PBXBuildFile; fileRef = 3D683B3824C670300089BB19 /* Assets.xcassets */; };
		3D683B3C24C670300089BB19 /* LaunchScreen.storyboard in Resources */ = {isa = PBXBuildFile; fileRef = 3D683B3A24C670300089BB19 /* LaunchScreen.storyboard */; };
		3DD9B48C24C6D35F002BBAC6 /* Model.swift in Sources */ = {isa = PBXBuildFile; fileRef = 3DD9B48B24C6D35F002BBAC6 /* Model.swift */; };
		3DD9B48E24C6D7B3002BBAC6 /* MemoListTableViewController.swift in Sources */ = {isa = PBXBuildFile; fileRef = 3DD9B48D24C6D7B3002BBAC6 /* MemoListTableViewController.swift */; };
/* End PBXBuildFile section */

/* Begin PBXFileReference section */
		3D683B2924C6702E0089BB19 /* MioriMemo.app */ = {isa = PBXFileReference; explicitFileType = wrapper.application; includeInIndex = 0; path = MioriMemo.app; sourceTree = BUILT_PRODUCTS_DIR; };
		3D683B2C24C6702E0089BB19 /* AppDelegate.swift */ = {isa = PBXFileReference; lastKnownFileType = sourcecode.swift; path = AppDelegate.swift; sourceTree = "<group>"; };
		3D683B2E24C6702E0089BB19 /* SceneDelegate.swift */ = {isa = PBXFileReference; lastKnownFileType = sourcecode.swift; path = SceneDelegate.swift; sourceTree = "<group>"; };
		3D683B3324C6702E0089BB19 /* Base */ = {isa = PBXFileReference; lastKnownFileType = file.storyboard; name = Base; path = Base.lproj/Main.storyboard; sourceTree = "<group>"; };
		3D683B3624C6702E0089BB19 /* MioriMemo.xcdatamodel */ = {isa = PBXFileReference; lastKnownFileType = wrapper.xcdatamodel; path = MioriMemo.xcdatamodel; sourceTree = "<group>"; };
		3D683B3824C670300089BB19 /* Assets.xcassets */ = {isa = PBXFileReference; lastKnownFileType = folder.assetcatalog; path = Assets.xcassets; sourceTree = "<group>"; };
		3D683B3B24C670300089BB19 /* Base */ = {isa = PBXFileReference; lastKnownFileType = file.storyboard; name = Base; path = Base.lproj/LaunchScreen.storyboard; sourceTree = "<group>"; };
		3D683B3D24C670300089BB19 /* Info.plist */ = {isa = PBXFileReference; lastKnownFileType = text.plist.xml; path = Info.plist; sourceTree = "<group>"; };
		3DD9B48B24C6D35F002BBAC6 /* Model.swift */ = {isa = PBXFileReference; lastKnownFileType = sourcecode.swift; path = Model.swift; sourceTree = "<group>"; };
		3DD9B48D24C6D7B3002BBAC6 /* MemoListTableViewController.swift */ = {isa = PBXFileReference; lastKnownFileType = sourcecode.swift; path = MemoListTableViewController.swift; sourceTree = "<group>"; };
/* End PBXFileReference section */

/* Begin PBXFrameworksBuildPhase section */
		3D683B2624C6702E0089BB19 /* Frameworks */ = {
			isa = PBXFrameworksBuildPhase;
			buildActionMask = 2147483647;
			files = (
			);
			runOnlyForDeploymentPostprocessing = 0;
		};
/* End PBXFrameworksBuildPhase section */

/* Begin PBXGroup section */
		3D683B2024C6702E0089BB19 = {
			isa = PBXGroup;
			children = (
				3D683B2B24C6702E0089BB19 /* MioriMemo */,
				3D683B2A24C6702E0089BB19 /* Products */,
			);
			sourceTree = "<group>";
		};
		3D683B2A24C6702E0089BB19 /* Products */ = {
			isa = PBXGroup;
			children = (
				3D683B2924C6702E0089BB19 /* MioriMemo.app */,
			);
			name = Products;
			sourceTree = "<group>";
		};
		3D683B2B24C6702E0089BB19 /* MioriMemo */ = {
			isa = PBXGroup;
			children = (
				3DD9B48A24C6D2B9002BBAC6 /* Model */,
				3D683B2C24C6702E0089BB19 /* AppDelegate.swift */,
				3D683B2E24C6702E0089BB19 /* SceneDelegate.swift */,
				3D683B3224C6702E0089BB19 /* Main.storyboard */,
				3D683B3824C670300089BB19 /* Assets.xcassets */,
				3D683B3A24C670300089BB19 /* LaunchScreen.storyboard */,
				3D683B3D24C670300089BB19 /* Info.plist */,
				3D683B3524C6702E0089BB19 /* MioriMemo.xcdatamodeld */,
				3DD9B48D24C6D7B3002BBAC6 /* MemoListTableViewController.swift */,
			);
			path = MioriMemo;
			sourceTree = "<group>";
		};
		3DD9B48A24C6D2B9002BBAC6 /* Model */ = {
			isa = PBXGroup;
			children = (
				3DD9B48B24C6D35F002BBAC6 /* Model.swift */,
			);
			path = Model;
			sourceTree = "<group>";
		};
/* End PBXGroup section */

/* Begin PBXNativeTarget section */
		3D683B2824C6702E0089BB19 /* MioriMemo */ = {
			isa = PBXNativeTarget;
			buildConfigurationList = 3D683B4024C670300089BB19 /* Build configuration list for PBXNativeTarget "MioriMemo" */;
			buildPhases = (
				3D683B2524C6702E0089BB19 /* Sources */,
				3D683B2624C6702E0089BB19 /* Frameworks */,
				3D683B2724C6702E0089BB19 /* Resources */,
			);
			buildRules = (
			);
			dependencies = (
			);
			name = MioriMemo;
			productName = MioriMemo;
			productReference = 3D683B2924C6702E0089BB19 /* MioriMemo.app */;
			productType = "com.apple.product-type.application";
		};
/* End PBXNativeTarget section */

/* Begin PBXProject section */
		3D683B2124C6702E0089BB19 /* Project object */ = {
			isa = PBXProject;
			attributes = {
				LastSwiftUpdateCheck = 1160;
				LastUpgradeCheck = 1160;
				ORGANIZATIONNAME = miori;
				TargetAttributes = {
					3D683B2824C6702E0089BB19 = {
						CreatedOnToolsVersion = 11.6;
					};
				};
			};
			buildConfigurationList = 3D683B2424C6702E0089BB19 /* Build configuration list for PBXProject "MioriMemo" */;
			compatibilityVersion = "Xcode 9.3";
			developmentRegion = en;
			hasScannedForEncodings = 0;
			knownRegions = (
				en,
				Base,
			);
			mainGroup = 3D683B2024C6702E0089BB19;
			productRefGroup = 3D683B2A24C6702E0089BB19 /* Products */;
			projectDirPath = "";
			projectRoot = "";
			targets = (
				3D683B2824C6702E0089BB19 /* MioriMemo */,
			);
		};
/* End PBXProject section */

/* Begin PBXResourcesBuildPhase section */
		3D683B2724C6702E0089BB19 /* Resources */ = {
			isa = PBXResourcesBuildPhase;
			buildActionMask = 2147483647;
			files = (
				3D683B3C24C670300089BB19 /* LaunchScreen.storyboard in Resources */,
				3D683B3924C670300089BB19 /* Assets.xcassets in Resources */,
				3D683B3424C6702E0089BB19 /* Main.storyboard in Resources */,
			);
			runOnlyForDeploymentPostprocessing = 0;
		};
/* End PBXResourcesBuildPhase section */

/* Begin PBXSourcesBuildPhase section */
		3D683B2524C6702E0089BB19 /* Sources */ = {
			isa = PBXSourcesBuildPhase;
			buildActionMask = 2147483647;
			files = (
				3D683B3724C6702E0089BB19 /* MioriMemo.xcdatamodeld in Sources */,
				3D683B2D24C6702E0089BB19 /* AppDelegate.swift in Sources */,
				3DD9B48E24C6D7B3002BBAC6 /* MemoListTableViewController.swift in Sources */,
				3D683B2F24C6702E0089BB19 /* SceneDelegate.swift in Sources */,
				3DD9B48C24C6D35F002BBAC6 /* Model.swift in Sources */,
			);
			runOnlyForDeploymentPostprocessing = 0;
		};
/* End PBXSourcesBuildPhase section */

/* Begin PBXVariantGroup section */
		3D683B3224C6702E0089BB19 /* Main.storyboard */ = {
			isa = PBXVariantGroup;
			children = (
				3D683B3324C6702E0089BB19 /* Base */,
			);
			name = Main.storyboard;
			sourceTree = "<group>";
		};
		3D683B3A24C670300089BB19 /* LaunchScreen.storyboard */ = {
			isa = PBXVariantGroup;
			children = (
				3D683B3B24C670300089BB19 /* Base */,
			);
			name = LaunchScreen.storyboard;
			sourceTree = "<group>";
		};
/* End PBXVariantGroup section */

/* Begin XCBuildConfiguration section */
		3D683B3E24C670300089BB19 /* Debug */ = {
			isa = XCBuildConfiguration;
			buildSettings = {
				ALWAYS_SEARCH_USER_PATHS = NO;
				CLANG_ANALYZER_NONNULL = YES;
				CLANG_ANALYZER_NUMBER_OBJECT_CONVERSION = YES_AGGRESSIVE;
				CLANG_CXX_LANGUAGE_STANDARD = "gnu++14";
				CLANG_CXX_LIBRARY = "libc++";
				CLANG_ENABLE_MODULES = YES;
				CLANG_ENABLE_OBJC_ARC = YES;
				CLANG_ENABLE_OBJC_WEAK = YES;
				CLANG_WARN_BLOCK_CAPTURE_AUTORELEASING = YES;
				CLANG_WARN_BOOL_CONVERSION = YES;
				CLANG_WARN_COMMA = YES;
				CLANG_WARN_CONSTANT_CONVERSION = YES;
				CLANG_WARN_DEPRECATED_OBJC_IMPLEMENTATIONS = YES;
				CLANG_WARN_DIRECT_OBJC_ISA_USAGE = YES_ERROR;
				CLANG_WARN_DOCUMENTATION_COMMENTS = YES;
				CLANG_WARN_EMPTY_BODY = YES;
				CLANG_WARN_ENUM_CONVERSION = YES;
				CLANG_WARN_INFINITE_RECURSION = YES;
				CLANG_WARN_INT_CONVERSION = YES;
				CLANG_WARN_NON_LITERAL_NULL_CONVERSION = YES;
				CLANG_WARN_OBJC_IMPLICIT_RETAIN_SELF = YES;
				CLANG_WARN_OBJC_LITERAL_CONVERSION = YES;
				CLANG_WARN_OBJC_ROOT_CLASS = YES_ERROR;
				CLANG_WARN_RANGE_LOOP_ANALYSIS = YES;
				CLANG_WARN_STRICT_PROTOTYPES = YES;
				CLANG_WARN_SUSPICIOUS_MOVE = YES;
				CLANG_WARN_UNGUARDED_AVAILABILITY = YES_AGGRESSIVE;
				CLANG_WARN_UNREACHABLE_CODE = YES;
				CLANG_WARN__DUPLICATE_METHOD_MATCH = YES;
				COPY_PHASE_STRIP = NO;
				DEBUG_INFORMATION_FORMAT = dwarf;
				ENABLE_STRICT_OBJC_MSGSEND = YES;
				ENABLE_TESTABILITY = YES;
				GCC_C_LANGUAGE_STANDARD = gnu11;
				GCC_DYNAMIC_NO_PIC = NO;
				GCC_NO_COMMON_BLOCKS = YES;
				GCC_OPTIMIZATION_LEVEL = 0;
				GCC_PREPROCESSOR_DEFINITIONS = (
					"DEBUG=1",
					"$(inherited)",
				);
				GCC_WARN_64_TO_32_BIT_CONVERSION = YES;
				GCC_WARN_ABOUT_RETURN_TYPE = YES_ERROR;
				GCC_WARN_UNDECLARED_SELECTOR = YES;
				GCC_WARN_UNINITIALIZED_AUTOS = YES_AGGRESSIVE;
				GCC_WARN_UNUSED_FUNCTION = YES;
				GCC_WARN_UNUSED_VARIABLE = YES;
				IPHONEOS_DEPLOYMENT_TARGET = 13.6;
				MTL_ENABLE_DEBUG_INFO = INCLUDE_SOURCE;
				MTL_FAST_MATH = YES;
				ONLY_ACTIVE_ARCH = YES;
				SDKROOT = iphoneos;
				SWIFT_ACTIVE_COMPILATION_CONDITIONS = DEBUG;
				SWIFT_OPTIMIZATION_LEVEL = "-Onone";
			};
			name = Debug;
		};
		3D683B3F24C670300089BB19 /* Release */ = {
			isa = XCBuildConfiguration;
			buildSettings = {
				ALWAYS_SEARCH_USER_PATHS = NO;
				CLANG_ANALYZER_NONNULL = YES;
				CLANG_ANALYZER_NUMBER_OBJECT_CONVERSION = YES_AGGRESSIVE;
				CLANG_CXX_LANGUAGE_STANDARD = "gnu++14";
				CLANG_CXX_LIBRARY = "libc++";
				CLANG_ENABLE_MODULES = YES;
				CLANG_ENABLE_OBJC_ARC = YES;
				CLANG_ENABLE_OBJC_WEAK = YES;
				CLANG_WARN_BLOCK_CAPTURE_AUTORELEASING = YES;
				CLANG_WARN_BOOL_CONVERSION = YES;
				CLANG_WARN_COMMA = YES;
				CLANG_WARN_CONSTANT_CONVERSION = YES;
				CLANG_WARN_DEPRECATED_OBJC_IMPLEMENTATIONS = YES;
				CLANG_WARN_DIRECT_OBJC_ISA_USAGE = YES_ERROR;
				CLANG_WARN_DOCUMENTATION_COMMENTS = YES;
				CLANG_WARN_EMPTY_BODY = YES;
				CLANG_WARN_ENUM_CONVERSION = YES;
				CLANG_WARN_INFINITE_RECURSION = YES;
				CLANG_WARN_INT_CONVERSION = YES;
				CLANG_WARN_NON_LITERAL_NULL_CONVERSION = YES;
				CLANG_WARN_OBJC_IMPLICIT_RETAIN_SELF = YES;
				CLANG_WARN_OBJC_LITERAL_CONVERSION = YES;
				CLANG_WARN_OBJC_ROOT_CLASS = YES_ERROR;
				CLANG_WARN_RANGE_LOOP_ANALYSIS = YES;
				CLANG_WARN_STRICT_PROTOTYPES = YES;
				CLANG_WARN_SUSPICIOUS_MOVE = YES;
				CLANG_WARN_UNGUARDED_AVAILABILITY = YES_AGGRESSIVE;
				CLANG_WARN_UNREACHABLE_CODE = YES;
				CLANG_WARN__DUPLICATE_METHOD_MATCH = YES;
				COPY_PHASE_STRIP = NO;
				DEBUG_INFORMATION_FORMAT = "dwarf-with-dsym";
				ENABLE_NS_ASSERTIONS = NO;
				ENABLE_STRICT_OBJC_MSGSEND = YES;
				GCC_C_LANGUAGE_STANDARD = gnu11;
				GCC_NO_COMMON_BLOCKS = YES;
				GCC_WARN_64_TO_32_BIT_CONVERSION = YES;
				GCC_WARN_ABOUT_RETURN_TYPE = YES_ERROR;
				GCC_WARN_UNDECLARED_SELECTOR = YES;
				GCC_WARN_UNINITIALIZED_AUTOS = YES_AGGRESSIVE;
				GCC_WARN_UNUSED_FUNCTION = YES;
				GCC_WARN_UNUSED_VARIABLE = YES;
				IPHONEOS_DEPLOYMENT_TARGET = 13.6;
				MTL_ENABLE_DEBUG_INFO = NO;
				MTL_FAST_MATH = YES;
				SDKROOT = iphoneos;
				SWIFT_COMPILATION_MODE = wholemodule;
				SWIFT_OPTIMIZATION_LEVEL = "-O";
				VALIDATE_PRODUCT = YES;
			};
			name = Release;
		};
		3D683B4124C670300089BB19 /* Debug */ = {
			isa = XCBuildConfiguration;
			buildSettings = {
				ASSETCATALOG_COMPILER_APPICON_NAME = AppIcon;
				CODE_SIGN_STYLE = Automatic;
				INFOPLIST_FILE = MioriMemo/Info.plist;
				IPHONEOS_DEPLOYMENT_TARGET = 10.0;
				LD_RUNPATH_SEARCH_PATHS = (
					"$(inherited)",
					"@executable_path/Frameworks",
				);
				PRODUCT_BUNDLE_IDENTIFIER = "com.miori.dev-ios.MioriMemo";
				PRODUCT_NAME = "$(TARGET_NAME)";
				SWIFT_VERSION = 5.0;
				TARGETED_DEVICE_FAMILY = "1,2";
			};
			name = Debug;
		};
		3D683B4224C670300089BB19 /* Release */ = {
			isa = XCBuildConfiguration;
			buildSettings = {
				ASSETCATALOG_COMPILER_APPICON_NAME = AppIcon;
				CODE_SIGN_STYLE = Automatic;
				INFOPLIST_FILE = MioriMemo/Info.plist;
				IPHONEOS_DEPLOYMENT_TARGET = 10.0;
				LD_RUNPATH_SEARCH_PATHS = (
					"$(inherited)",
					"@executable_path/Frameworks",
				);
				PRODUCT_BUNDLE_IDENTIFIER = "com.miori.dev-ios.MioriMemo";
				PRODUCT_NAME = "$(TARGET_NAME)";
				SWIFT_VERSION = 5.0;
				TARGETED_DEVICE_FAMILY = "1,2";
			};
			name = Release;
		};
/* End XCBuildConfiguration section */

/* Begin XCConfigurationList section */
		3D683B2424C6702E0089BB19 /* Build configuration list for PBXProject "MioriMemo" */ = {
			isa = XCConfigurationList;
			buildConfigurations = (
				3D683B3E24C670300089BB19 /* Debug */,
				3D683B3F24C670300089BB19 /* Release */,
			);
			defaultConfigurationIsVisible = 0;
			defaultConfigurationName = Release;
		};
		3D683B4024C670300089BB19 /* Build configuration list for PBXNativeTarget "MioriMemo" */ = {
			isa = XCConfigurationList;
			buildConfigurations = (
				3D683B4124C670300089BB19 /* Debug */,
				3D683B4224C670300089BB19 /* Release */,
			);
			defaultConfigurationIsVisible = 0;
			defaultConfigurationName = Release;
		};
/* End XCConfigurationList section */

/* Begin XCVersionGroup section */
		3D683B3524C6702E0089BB19 /* MioriMemo.xcdatamodeld */ = {
			isa = XCVersionGroup;
			children = (
				3D683B3624C6702E0089BB19 /* MioriMemo.xcdatamodel */,
			);
			currentVersion = 3D683B3624C6702E0089BB19 /* MioriMemo.xcdatamodel */;
			path = MioriMemo.xcdatamodeld;
			sourceTree = "<group>";
			versionGroupType = wrapper.xcdatamodel;
		};
/* End XCVersionGroup section */
	};
	rootObject = 3D683B2124C6702E0089BB19 /* Project object */;
}
